<?xml version="1.0" encoding="utf-8"?>
<Project ToolsVersion="4.0" xmlns="http://schemas.microsoft.com/developer/msbuild/2003">
  <ItemGroup>
    <Filter Include="Manager">
      <UniqueIdentifier>{b22ae2d1-5ba8-4ddf-a4d7-09b9323b4ded}</UniqueIdentifier>
    </Filter>
    <Filter Include="Scene">
      <UniqueIdentifier>{e980be75-f9a8-4d59-b731-712a43d55aa3}</UniqueIdentifier>
    </Filter>
    <Filter Include="Character">
      <UniqueIdentifier>{7364b5ba-29c6-43ed-80d8-996ec5e7f510}</UniqueIdentifier>
    </Filter>
    <Filter Include="Function">
      <UniqueIdentifier>{22176cc3-c6b0-4c24-b053-ddff178dfaf8}</UniqueIdentifier>
    </Filter>
    <Filter Include="Object">
      <UniqueIdentifier>{93717506-6ae1-4c03-8dd4-c4c444622fcf}</UniqueIdentifier>
    </Filter>
  </ItemGroup>
  <ItemGroup>
    <ClInclude Include="Script\Common.h" />
    <ClInclude Include="Script\Singleton.h" />
    <ClInclude Include="Script\Scene\GameScene.h">
      <Filter>Scene</Filter>
    </ClInclude>
    <ClInclude Include="Script\Scene\ResultScene.h">
      <Filter>Scene</Filter>
    </ClInclude>
    <ClInclude Include="Script\Scene\SceneBase.h">
      <Filter>Scene</Filter>
    </ClInclude>
    <ClInclude Include="Script\Scene\TitleScene.h">
      <Filter>Scene</Filter>
    </ClInclude>
    <ClInclude Include="Script\Function\Function.h">
      <Filter>Function</Filter>
    </ClInclude>
    <ClInclude Include="Script\Character\Player.h">
      <Filter>Character</Filter>
    </ClInclude>
    <ClInclude Include="Script\Manager\GameManager.h">
      <Filter>Manager</Filter>
    </ClInclude>
    <ClInclude Include="Script\Function\Gauge.h">
      <Filter>Function</Filter>
    </ClInclude>
    <ClInclude Include="Script\Character\Bullet.h">
      <Filter>Character</Filter>
    </ClInclude>
    <ClInclude Include="Script\Manager\BulletManager.h">
      <Filter>Manager</Filter>
    </ClInclude>
    <ClInclude Include="Script\Manager\SpriteManager.h">
      <Filter>Manager</Filter>
    </ClInclude>
    <ClInclude Include="Script\Object\Block.h">
      <Filter>Object</Filter>
    </ClInclude>
    <ClInclude Include="Script\Object\ObjectBase.h">
      <Filter>Object</Filter>
    </ClInclude>
    <ClInclude Include="Script\Object\Okonomiyaki.h">
      <Filter>Object</Filter>
    </ClInclude>
    <ClInclude Include="Script\Object\Sauce.h">
      <Filter>Object</Filter>
    </ClInclude>
    <ClInclude Include="Script\Object\Save.h">
      <Filter>Object</Filter>
    </ClInclude>
    <ClInclude Include="Script\Object\Warp.h">
      <Filter>Object</Filter>
    </ClInclude>
    <ClInclude Include="Script\Manager\SoundManager.h">
      <Filter>Manager</Filter>
    </ClInclude>
  </ItemGroup>
  <ItemGroup>
    <ClCompile Include="Script\Main.cpp" />
    <ClCompile Include="Script\Scene\GameScene.cpp">
      <Filter>Scene</Filter>
    </ClCompile>
    <ClCompile Include="Script\Scene\ResultScene.cpp">
      <Filter>Scene</Filter>
    </ClCompile>
    <ClCompile Include="Script\Scene\SceneBase.cpp">
      <Filter>Scene</Filter>
    </ClCompile>
    <ClCompile Include="Script\Scene\TitleScene.cpp">
      <Filter>Scene</Filter>
    </ClCompile>
    <ClCompile Include="Script\Function\Function.cpp">
      <Filter>Function</Filter>
    </ClCompile>
    <ClCompile Include="Script\Character\Player.cpp">
      <Filter>Character</Filter>
    </ClCompile>
    <ClCompile Include="Script\Manager\GameManager.cpp">
      <Filter>Manager</Filter>
    </ClCompile>
    <ClCompile Include="Script\Function\Gauge.cpp">
      <Filter>Function</Filter>
    </ClCompile>
    <ClCompile Include="Script\Character\Bullet.cpp">
      <Filter>Character</Filter>
    </ClCompile>
    <ClCompile Include="Script\Manager\BulletManager.cpp">
      <Filter>Manager</Filter>
    </ClCompile>
    <ClCompile Include="Script\Manager\SpriteManager.cpp">
      <Filter>Manager</Filter>
    </ClCompile>
    <ClCompile Include="Script\Object\Block.cpp">
      <Filter>Object</Filter>
    </ClCompile>
    <ClCompile Include="Script\Object\Okonomiyaki.cpp">
      <Filter>Object</Filter>
    </ClCompile>
    <ClCompile Include="Script\Object\Sauce.cpp">
      <Filter>Object</Filter>
    </ClCompile>
    <ClCompile Include="Script\Object\Save.cpp">
      <Filter>Object</Filter>
    </ClCompile>
    <ClCompile Include="Script\Object\Warp.cpp">
      <Filter>Object</Filter>
    </ClCompile>
    <ClCompile Include="Script\Manager\SoundManager.cpp">
      <Filter>Manager</Filter>
    </ClCompile>
  </ItemGroup>
</Project>