<?xml version="1.0" encoding="utf-8"?>
<Project ToolsVersion="4.0" xmlns="http://schemas.microsoft.com/developer/msbuild/2003">
  <ItemGroup>
    <Filter Include="ソース ファイル">
      <UniqueIdentifier>{4FC737F1-C7A5-4376-A066-2A32D752A2FF}</UniqueIdentifier>
      <Extensions>cpp;c;cc;cxx;c++;cppm;ixx;def;odl;idl;hpj;bat;asm;asmx</Extensions>
    </Filter>
    <Filter Include="ヘッダー ファイル">
      <UniqueIdentifier>{93995380-89BD-4b04-88EB-625FBE52EBFB}</UniqueIdentifier>
      <Extensions>h;hh;hpp;hxx;h++;hm;inl;inc;ipp;xsd</Extensions>
    </Filter>
    <Filter Include="シーン">
      <UniqueIdentifier>{e980be75-f9a8-4d59-b731-712a43d55aa3}</UniqueIdentifier>
    </Filter>
    <Filter Include="シーン\ヘッダ">
      <UniqueIdentifier>{d988b358-09be-4c5d-b0bd-21338f88e081}</UniqueIdentifier>
    </Filter>
    <Filter Include="シーン\ソース">
      <UniqueIdentifier>{9a8477db-52fa-4f8c-befd-7fc43250a8cd}</UniqueIdentifier>
    </Filter>
  </ItemGroup>
  <ItemGroup>
    <ClCompile Include="Main.cpp">
      <Filter>ソース ファイル</Filter>
    </ClCompile>
    <ClCompile Include="Script\Function.cpp">
      <Filter>ソース ファイル</Filter>
    </ClCompile>
    <ClCompile Include="Script\Player.cpp">
      <Filter>ソース ファイル</Filter>
    </ClCompile>
    <ClCompile Include="Script\GameScene.cpp">
      <Filter>シーン\ソース</Filter>
    </ClCompile>
    <ClCompile Include="Script\ResultScene.cpp">
      <Filter>シーン\ソース</Filter>
    </ClCompile>
    <ClCompile Include="Script\SceneBase.cpp">
      <Filter>シーン\ソース</Filter>
    </ClCompile>
    <ClCompile Include="Script\TitleScene.cpp">
      <Filter>シーン\ソース</Filter>
    </ClCompile>
  </ItemGroup>
  <ItemGroup>
    <ClInclude Include="Script\Header\Function.h">
      <Filter>ヘッダー ファイル</Filter>
    </ClInclude>
    <ClInclude Include="Script\Header\Player.h">
      <Filter>ヘッダー ファイル</Filter>
    </ClInclude>
    <ClInclude Include="Script\Header\Common.h">
      <Filter>ヘッダー ファイル</Filter>
    </ClInclude>
    <ClInclude Include="Script\Header\GameScene.h">
      <Filter>シーン\ヘッダ</Filter>
    </ClInclude>
    <ClInclude Include="Script\Header\ResultScene.h">
      <Filter>シーン\ヘッダ</Filter>
    </ClInclude>
    <ClInclude Include="Script\Header\SceneBase.h">
      <Filter>シーン\ヘッダ</Filter>
    </ClInclude>
    <ClInclude Include="Script\Header\TitleScene.h">
      <Filter>シーン\ヘッダ</Filter>
    </ClInclude>
  </ItemGroup>
</Project>